
Microsoft Visual Studio Solution File, Format Version 12.00
# Visual Studio Version 16
VisualStudioVersion = 16.0.30907.101
MinimumVisualStudioVersion = 10.0.40219.1
Project("{FAE04EC0-301F-11D3-BF4B-00C04F79EFBC}") = "ClassLibrary3", "ClassLibrary3\ClassLibrary3.csproj", "{3325954D-A675-4A80-B1B0-C523F3E93B09}"
EndProject
Project("{FAE04EC0-301F-11D3-BF4B-00C04F79EFBC}") = "ClassLibrary4", "ClassLibrary4\ClassLibrary4.csproj", "{34735088-EDA6-4C00-B4AB-009A9A5C92CF}"
EndProject
Global
	GlobalSection(SolutionConfigurationPlatforms) = preSolution
		Debug|Any CPU = Debug|Any CPU
		Release|Any CPU = Release|Any CPU
	EndGlobalSection
	GlobalSection(ProjectConfigurationPlatforms) = postSolution
		{3325954D-A675-4A80-B1B0-C523F3E93B09}.Debug|Any CPU.ActiveCfg = Debug|Any CPU
		{3325954D-A675-4A80-B1B0-C523F3E93B09}.Debug|Any CPU.Build.0 = Debug|Any CPU
		{3325954D-A675-4A80-B1B0-C523F3E93B09}.Release|Any CPU.ActiveCfg = Release|Any CPU
		{3325954D-A675-4A80-B1B0-C523F3E93B09}.Release|Any CPU.Build.0 = Release|Any CPU
		{34735088-EDA6-4C00-B4AB-009A9A5C92CF}.Debug|Any CPU.ActiveCfg = Debug|Any CPU
		{34735088-EDA6-4C00-B4AB-009A9A5C92CF}.Debug|Any CPU.Build.0 = Debug|Any CPU
		{34735088-EDA6-4C00-B4AB-009A9A5C92CF}.Release|Any CPU.ActiveCfg = Release|Any CPU
		{34735088-EDA6-4C00-B4AB-009A9A5C92CF}.Release|Any CPU.Build.0 = Release|Any CPU
	EndGlobalSection
	GlobalSection(SolutionProperties) = preSolution
		HideSolutionNode = FALSE
	EndGlobalSection
	GlobalSection(ExtensibilityGlobals) = postSolution
		SolutionGuid = {7D20CFF5-8A75-4AC5-9AAB-A1D0442C9572}
	EndGlobalSection
EndGlobal
