Microsoft Visual Studio Solution File, Format Version 12.00
# Visual Studio 15
VisualStudioVersion = 15.0.26403.7
MinimumVisualStudioVersion = 10.0.40219.1
Project("{FAE04EC0-301F-11D3-BF4B-00C04F79EFBC}") = "TinyPNG", "src\TinyPNG\TinyPNG.csproj", "{52901FDB-68CE-4192-8B2B-3BD1773261F3}"
EndProject
Project("{FAE04EC0-301F-11D3-BF4B-00C04F79EFBC}") = "TinyPng.Tests", "tests\TinyPng.Tests\TinyPng.Tests.csproj", "{DBA34C0E-C2A8-4D42-8770-FADC6251E93D}"
EndProject
Project("{2150E333-8FDC-42A3-9474-1A3956D46DE8}") = "Solution Items", "Solution Items", "{466E1CAF-57A2-4370-91C7-455AAC8E4D2E}"
	ProjectSection(SolutionItems) = preProject
		.gitignore = .gitignore
		.travis.yml = .travis.yml
		appveyor.yml = appveyor.yml
		README.md = README.md
	EndProjectSection
EndProject
Global
	GlobalSection(SolutionConfigurationPlatforms) = preSolution
		Debug|Any CPU = Debug|Any CPU
		Release|Any CPU = Release|Any CPU
	EndGlobalSection
	GlobalSection(ProjectConfigurationPlatforms) = postSolution
		{52901FDB-68CE-4192-8B2B-3BD1773261F3}.Debug|Any CPU.ActiveCfg = Debug|Any CPU
		{52901FDB-68CE-4192-8B2B-3BD1773261F3}.Debug|Any CPU.Build.0 = Debug|Any CPU
		{52901FDB-68CE-4192-8B2B-3BD1773261F3}.Release|Any CPU.ActiveCfg = Release|Any CPU
		{52901FDB-68CE-4192-8B2B-3BD1773261F3}.Release|Any CPU.Build.0 = Release|Any CPU
		{DBA34C0E-C2A8-4D42-8770-FADC6251E93D}.Debug|Any CPU.ActiveCfg = Debug|Any CPU
		{DBA34C0E-C2A8-4D42-8770-FADC6251E93D}.Debug|Any CPU.Build.0 = Debug|Any CPU
		{DBA34C0E-C2A8-4D42-8770-FADC6251E93D}.Release|Any CPU.ActiveCfg = Release|Any CPU
		{DBA34C0E-C2A8-4D42-8770-FADC6251E93D}.Release|Any CPU.Build.0 = Release|Any CPU
	EndGlobalSection
	GlobalSection(SolutionProperties) = preSolution
		HideSolutionNode = FALSE
	EndGlobalSection
EndGlobal
