
Microsoft Visual Studio Solution File, Format Version 12.00
# Visual Studio Version 16
VisualStudioVersion = 16.0.30907.101
MinimumVisualStudioVersion = 10.0.40219.1
Project("{FAE04EC0-301F-11D3-BF4B-00C04F79EFBC}") = "ClassLibrary1", "ClassLibrary1\ClassLibrary1.csproj", "{514C70FE-9245-461D-B47C-9590471AEBF1}"
EndProject
Project("{FAE04EC0-301F-11D3-BF4B-00C04F79EFBC}") = "ClassLibrary2", "ClassLibrary2\ClassLibrary2.csproj", "{3D1F9504-04DB-41A0-B80F-DC33E65A5AF1}"
EndProject
Global
	GlobalSection(SolutionConfigurationPlatforms) = preSolution
		Debug|Any CPU = Debug|Any CPU
		Release|Any CPU = Release|Any CPU
	EndGlobalSection
	GlobalSection(ProjectConfigurationPlatforms) = postSolution
		{514C70FE-9245-461D-B47C-9590471AEBF1}.Debug|Any CPU.ActiveCfg = Debug|Any CPU
		{514C70FE-9245-461D-B47C-9590471AEBF1}.Debug|Any CPU.Build.0 = Debug|Any CPU
		{514C70FE-9245-461D-B47C-9590471AEBF1}.Release|Any CPU.ActiveCfg = Release|Any CPU
		{514C70FE-9245-461D-B47C-9590471AEBF1}.Release|Any CPU.Build.0 = Release|Any CPU
		{3D1F9504-04DB-41A0-B80F-DC33E65A5AF1}.Debug|Any CPU.ActiveCfg = Debug|Any CPU
		{3D1F9504-04DB-41A0-B80F-DC33E65A5AF1}.Debug|Any CPU.Build.0 = Debug|Any CPU
		{3D1F9504-04DB-41A0-B80F-DC33E65A5AF1}.Release|Any CPU.ActiveCfg = Release|Any CPU
		{3D1F9504-04DB-41A0-B80F-DC33E65A5AF1}.Release|Any CPU.Build.0 = Release|Any CPU
	EndGlobalSection
	GlobalSection(SolutionProperties) = preSolution
		HideSolutionNode = FALSE
	EndGlobalSection
	GlobalSection(ExtensibilityGlobals) = postSolution
		SolutionGuid = {C856E6FC-C50E-41E6-A31C-BCA9583A847B}
	EndGlobalSection
EndGlobal
