
Microsoft Visual Studio Solution File, Format Version 12.00
# Visual Studio 15
VisualStudioVersion = 15.0.27130.2027
MinimumVisualStudioVersion = 10.0.40219.1
Project("{9A19103F-16F7-4668-BE54-9A1E7A4F7556}") = "Dnt", "Dnt\Dnt.csproj", "{7612602D-098B-4FEF-93E4-6A3A80858FDB}"
EndProject
Project("{9A19103F-16F7-4668-BE54-9A1E7A4F7556}") = "Dnt.Commands", "Dnt.Commands\Dnt.Commands.csproj", "{DF049B88-2224-43B6-BD5D-6156DAC9F7E6}"
EndProject
Global
	GlobalSection(SolutionConfigurationPlatforms) = preSolution
		Debug|Any CPU = Debug|Any CPU
		Release|Any CPU = Release|Any CPU
	EndGlobalSection
	GlobalSection(ProjectConfigurationPlatforms) = postSolution
		{7612602D-098B-4FEF-93E4-6A3A80858FDB}.Debug|Any CPU.ActiveCfg = Debug|Any CPU
		{7612602D-098B-4FEF-93E4-6A3A80858FDB}.Debug|Any CPU.Build.0 = Debug|Any CPU
		{7612602D-098B-4FEF-93E4-6A3A80858FDB}.Release|Any CPU.ActiveCfg = Release|Any CPU
		{7612602D-098B-4FEF-93E4-6A3A80858FDB}.Release|Any CPU.Build.0 = Release|Any CPU
		{DF049B88-2224-43B6-BD5D-6156DAC9F7E6}.Debug|Any CPU.ActiveCfg = Debug|Any CPU
		{DF049B88-2224-43B6-BD5D-6156DAC9F7E6}.Debug|Any CPU.Build.0 = Debug|Any CPU
		{DF049B88-2224-43B6-BD5D-6156DAC9F7E6}.Release|Any CPU.ActiveCfg = Release|Any CPU
		{DF049B88-2224-43B6-BD5D-6156DAC9F7E6}.Release|Any CPU.Build.0 = Release|Any CPU
	EndGlobalSection
	GlobalSection(SolutionProperties) = preSolution
		HideSolutionNode = FALSE
	EndGlobalSection
	GlobalSection(ExtensibilityGlobals) = postSolution
		SolutionGuid = {6CD32D3B-9417-44A1-B6F1-7494FB50C26A}
	EndGlobalSection
EndGlobal
