
Microsoft Visual Studio Solution File, Format Version 12.00
# Visual Studio 15
VisualStudioVersion = 15.0.28307.136
MinimumVisualStudioVersion = 10.0.40219.1
Project("{FAE04EC0-301F-11D3-BF4B-00C04F79EFBC}") = "WebApplication461", "WebApplication461\WebApplication461.csproj", "{FC7F75A4-D3C0-42F9-8AF7-75E681231816}"
EndProject
Global
	GlobalSection(SolutionConfigurationPlatforms) = preSolution
		Debug|Any CPU = Debug|Any CPU
		Release|Any CPU = Release|Any CPU
	EndGlobalSection
	GlobalSection(ProjectConfigurationPlatforms) = postSolution
		{FC7F75A4-D3C0-42F9-8AF7-75E681231816}.Debug|Any CPU.ActiveCfg = Debug|Any CPU
		{FC7F75A4-D3C0-42F9-8AF7-75E681231816}.Debug|Any CPU.Build.0 = Debug|Any CPU
		{FC7F75A4-D3C0-42F9-8AF7-75E681231816}.Release|Any CPU.ActiveCfg = Release|Any CPU
		{FC7F75A4-D3C0-42F9-8AF7-75E681231816}.Release|Any CPU.Build.0 = Release|Any CPU
	EndGlobalSection
	GlobalSection(SolutionProperties) = preSolution
		HideSolutionNode = FALSE
	EndGlobalSection
	GlobalSection(ExtensibilityGlobals) = postSolution
		SolutionGuid = {77A71671-5127-4A70-BBC4-C48144DC8C44}
	EndGlobalSection
EndGlobal
